
Microsoft Visual Studio Solution File, Format Version 12.00
# Visual Studio Version 16
VisualStudioVersion = 16.0.30517.126
MinimumVisualStudioVersion = 10.0.40219.1
Project("{FAE04EC0-301F-11D3-BF4B-00C04F79EFBC}") = "StringsAndArrays", "StringsAndArrays\StringsAndArrays.csproj", "{4BA64591-1D84-46E5-B9D2-FB893368636A}"
EndProject
Project("{FAE04EC0-301F-11D3-BF4B-00C04F79EFBC}") = "ForEach", "ForEach\ForEach.csproj", "{6D48C5B1-A1E3-4BD2-A16A-8C00CE345991}"
EndProject
Project("{FAE04EC0-301F-11D3-BF4B-00C04F79EFBC}") = "FullName", "FullName\FullName.csproj", "{C54C718A-7FBE-46CE-87E1-7D64D6B70D6F}"
EndProject
Project("{FAE04EC0-301F-11D3-BF4B-00C04F79EFBC}") = "FullNameReversed", "FullNameReversed\FullNameReversed.csproj", "{996C85CF-C817-4737-9A2E-09627B9235CE}"
EndProject
Project("{FAE04EC0-301F-11D3-BF4B-00C04F79EFBC}") = "ACharacterCounter", "ACharacterCounter\ACharacterCounter.csproj", "{C7CE2A06-FEB8-43C9-A16F-96CD3B3CC4F5}"
EndProject
Project("{FAE04EC0-301F-11D3-BF4B-00C04F79EFBC}") = "Substring", "Substring\Substring.csproj", "{A1A9E8F8-5752-4423-8032-E6B049D8BCE0}"
EndProject
Project("{FAE04EC0-301F-11D3-BF4B-00C04F79EFBC}") = "SubstituteCharacter", "SubstituteCharacter\SubstituteCharacter.csproj", "{0958DC2E-89C4-4712-83F0-FAC51D2FA86D}"
EndProject
Global
	GlobalSection(SolutionConfigurationPlatforms) = preSolution
		Debug|Any CPU = Debug|Any CPU
		Release|Any CPU = Release|Any CPU
	EndGlobalSection
	GlobalSection(ProjectConfigurationPlatforms) = postSolution
		{4BA64591-1D84-46E5-B9D2-FB893368636A}.Debug|Any CPU.ActiveCfg = Debug|Any CPU
		{4BA64591-1D84-46E5-B9D2-FB893368636A}.Debug|Any CPU.Build.0 = Debug|Any CPU
		{4BA64591-1D84-46E5-B9D2-FB893368636A}.Release|Any CPU.ActiveCfg = Release|Any CPU
		{4BA64591-1D84-46E5-B9D2-FB893368636A}.Release|Any CPU.Build.0 = Release|Any CPU
		{6D48C5B1-A1E3-4BD2-A16A-8C00CE345991}.Debug|Any CPU.ActiveCfg = Debug|Any CPU
		{6D48C5B1-A1E3-4BD2-A16A-8C00CE345991}.Debug|Any CPU.Build.0 = Debug|Any CPU
		{6D48C5B1-A1E3-4BD2-A16A-8C00CE345991}.Release|Any CPU.ActiveCfg = Release|Any CPU
		{6D48C5B1-A1E3-4BD2-A16A-8C00CE345991}.Release|Any CPU.Build.0 = Release|Any CPU
		{C54C718A-7FBE-46CE-87E1-7D64D6B70D6F}.Debug|Any CPU.ActiveCfg = Debug|Any CPU
		{C54C718A-7FBE-46CE-87E1-7D64D6B70D6F}.Debug|Any CPU.Build.0 = Debug|Any CPU
		{C54C718A-7FBE-46CE-87E1-7D64D6B70D6F}.Release|Any CPU.ActiveCfg = Release|Any CPU
		{C54C718A-7FBE-46CE-87E1-7D64D6B70D6F}.Release|Any CPU.Build.0 = Release|Any CPU
		{996C85CF-C817-4737-9A2E-09627B9235CE}.Debug|Any CPU.ActiveCfg = Debug|Any CPU
		{996C85CF-C817-4737-9A2E-09627B9235CE}.Debug|Any CPU.Build.0 = Debug|Any CPU
		{996C85CF-C817-4737-9A2E-09627B9235CE}.Release|Any CPU.ActiveCfg = Release|Any CPU
		{996C85CF-C817-4737-9A2E-09627B9235CE}.Release|Any CPU.Build.0 = Release|Any CPU
		{C7CE2A06-FEB8-43C9-A16F-96CD3B3CC4F5}.Debug|Any CPU.ActiveCfg = Debug|Any CPU
		{C7CE2A06-FEB8-43C9-A16F-96CD3B3CC4F5}.Debug|Any CPU.Build.0 = Debug|Any CPU
		{C7CE2A06-FEB8-43C9-A16F-96CD3B3CC4F5}.Release|Any CPU.ActiveCfg = Release|Any CPU
		{C7CE2A06-FEB8-43C9-A16F-96CD3B3CC4F5}.Release|Any CPU.Build.0 = Release|Any CPU
		{A1A9E8F8-5752-4423-8032-E6B049D8BCE0}.Debug|Any CPU.ActiveCfg = Debug|Any CPU
		{A1A9E8F8-5752-4423-8032-E6B049D8BCE0}.Debug|Any CPU.Build.0 = Debug|Any CPU
		{A1A9E8F8-5752-4423-8032-E6B049D8BCE0}.Release|Any CPU.ActiveCfg = Release|Any CPU
		{A1A9E8F8-5752-4423-8032-E6B049D8BCE0}.Release|Any CPU.Build.0 = Release|Any CPU
		{0958DC2E-89C4-4712-83F0-FAC51D2FA86D}.Debug|Any CPU.ActiveCfg = Debug|Any CPU
		{0958DC2E-89C4-4712-83F0-FAC51D2FA86D}.Debug|Any CPU.Build.0 = Debug|Any CPU
		{0958DC2E-89C4-4712-83F0-FAC51D2FA86D}.Release|Any CPU.ActiveCfg = Release|Any CPU
		{0958DC2E-89C4-4712-83F0-FAC51D2FA86D}.Release|Any CPU.Build.0 = Release|Any CPU
	EndGlobalSection
	GlobalSection(SolutionProperties) = preSolution
		HideSolutionNode = FALSE
	EndGlobalSection
	GlobalSection(ExtensibilityGlobals) = postSolution
		SolutionGuid = {A8858656-DF67-483F-9A2D-06A257858850}
	EndGlobalSection
EndGlobal
